
Microsoft Visual Studio Solution File, Format Version 12.00
# Visual Studio Version 16
VisualStudioVersion = 16.0.30523.141
MinimumVisualStudioVersion = 10.0.40219.1
Project("{FAE04EC0-301F-11D3-BF4B-00C04F79EFBC}") = "Calculadora", "Calculadora\Calculadora.csproj", "{F700BF42-5E79-42F3-A780-DD457012682B}"
EndProject
Global
	GlobalSection(SolutionConfigurationPlatforms) = preSolution
		Debug|Any CPU = Debug|Any CPU
		Release|Any CPU = Release|Any CPU
	EndGlobalSection
	GlobalSection(ProjectConfigurationPlatforms) = postSolution
		{F700BF42-5E79-42F3-A780-DD457012682B}.Debug|Any CPU.ActiveCfg = Debug|Any CPU
		{F700BF42-5E79-42F3-A780-DD457012682B}.Debug|Any CPU.Build.0 = Debug|Any CPU
		{F700BF42-5E79-42F3-A780-DD457012682B}.Release|Any CPU.ActiveCfg = Release|Any CPU
		{F700BF42-5E79-42F3-A780-DD457012682B}.Release|Any CPU.Build.0 = Release|Any CPU
	EndGlobalSection
	GlobalSection(SolutionProperties) = preSolution
		HideSolutionNode = FALSE
	EndGlobalSection
	GlobalSection(ExtensibilityGlobals) = postSolution
		SolutionGuid = {12D68933-5892-4F7F-BB3C-99269062CEF7}
	EndGlobalSection
EndGlobal
